
Microsoft Visual Studio Solution File, Format Version 12.00
# Visual Studio Version 16
VisualStudioVersion = 16.0.31702.278
MinimumVisualStudioVersion = 10.0.40219.1
Project("{9A19103F-16F7-4668-BE54-9A1E7A4F7556}") = "ImageBinarizer", "ImageBinarizer\ImageBinarizer.csproj", "{BC6E92C8-C39C-45AA-B5E7-D0AE1ABA3F69}"
EndProject
Project("{2150E333-8FDC-42A3-9474-1A3956D46DE8}") = "Solution Items", "Solution Items", "{228E104E-F497-4B39-ABDF-833813196126}"
	ProjectSection(SolutionItems) = preProject
		license.txt = license.txt
		NuGet.Config = NuGet.Config
	EndProjectSection
EndProject
Project("{9A19103F-16F7-4668-BE54-9A1E7A4F7556}") = "Sample", "Sample\Sample.csproj", "{2EEE749C-C9D1-48E2-BB49-B8197826481A}"
EndProject
Project("{9A19103F-16F7-4668-BE54-9A1E7A4F7556}") = "ImageBinarizerTool", "ImageBinarizerTool\ImageBinarizerTool.csproj", "{FD25598E-B5A1-4B79-A2A2-2D2FB961A4EC}"
EndProject
Project("{9A19103F-16F7-4668-BE54-9A1E7A4F7556}") = "ImageBinarizerUnitTest", "ImageBinarizerUnitTest\ImageBinarizerUnitTest.csproj", "{B12F2D72-12CE-47BF-8D55-E04A0A38DAA2}"
EndProject
Project("{FAE04EC0-301F-11D3-BF4B-00C04F79EFBC}") = "VideoBinarizer", "VideoBinarizer\VideoBinarizer.csproj", "{20C94BDB-EA4C-4904-949A-86182590BADD}"
EndProject
Global
	GlobalSection(SolutionConfigurationPlatforms) = preSolution
		Debug|Any CPU = Debug|Any CPU
		Release|Any CPU = Release|Any CPU
	EndGlobalSection
	GlobalSection(ProjectConfigurationPlatforms) = postSolution
		{BC6E92C8-C39C-45AA-B5E7-D0AE1ABA3F69}.Debug|Any CPU.ActiveCfg = Debug|Any CPU
		{BC6E92C8-C39C-45AA-B5E7-D0AE1ABA3F69}.Debug|Any CPU.Build.0 = Debug|Any CPU
		{BC6E92C8-C39C-45AA-B5E7-D0AE1ABA3F69}.Release|Any CPU.ActiveCfg = Release|Any CPU
		{BC6E92C8-C39C-45AA-B5E7-D0AE1ABA3F69}.Release|Any CPU.Build.0 = Release|Any CPU
		{2EEE749C-C9D1-48E2-BB49-B8197826481A}.Debug|Any CPU.ActiveCfg = Debug|Any CPU
		{2EEE749C-C9D1-48E2-BB49-B8197826481A}.Debug|Any CPU.Build.0 = Debug|Any CPU
		{2EEE749C-C9D1-48E2-BB49-B8197826481A}.Release|Any CPU.ActiveCfg = Release|Any CPU
		{2EEE749C-C9D1-48E2-BB49-B8197826481A}.Release|Any CPU.Build.0 = Release|Any CPU
		{FD25598E-B5A1-4B79-A2A2-2D2FB961A4EC}.Debug|Any CPU.ActiveCfg = Debug|Any CPU
		{FD25598E-B5A1-4B79-A2A2-2D2FB961A4EC}.Debug|Any CPU.Build.0 = Debug|Any CPU
		{FD25598E-B5A1-4B79-A2A2-2D2FB961A4EC}.Release|Any CPU.ActiveCfg = Release|Any CPU
		{FD25598E-B5A1-4B79-A2A2-2D2FB961A4EC}.Release|Any CPU.Build.0 = Release|Any CPU
		{B12F2D72-12CE-47BF-8D55-E04A0A38DAA2}.Debug|Any CPU.ActiveCfg = Debug|Any CPU
		{B12F2D72-12CE-47BF-8D55-E04A0A38DAA2}.Debug|Any CPU.Build.0 = Debug|Any CPU
		{B12F2D72-12CE-47BF-8D55-E04A0A38DAA2}.Release|Any CPU.ActiveCfg = Release|Any CPU
		{B12F2D72-12CE-47BF-8D55-E04A0A38DAA2}.Release|Any CPU.Build.0 = Release|Any CPU
		{20C94BDB-EA4C-4904-949A-86182590BADD}.Debug|Any CPU.ActiveCfg = Debug|Any CPU
		{20C94BDB-EA4C-4904-949A-86182590BADD}.Debug|Any CPU.Build.0 = Debug|Any CPU
		{20C94BDB-EA4C-4904-949A-86182590BADD}.Release|Any CPU.ActiveCfg = Release|Any CPU
		{20C94BDB-EA4C-4904-949A-86182590BADD}.Release|Any CPU.Build.0 = Release|Any CPU
	EndGlobalSection
	GlobalSection(SolutionProperties) = preSolution
		HideSolutionNode = FALSE
	EndGlobalSection
	GlobalSection(ExtensibilityGlobals) = postSolution
		SolutionGuid = {17B106DD-4FD5-4E6F-AE00-E9ECD2F61186}
	EndGlobalSection
EndGlobal
